// !$*UTF8*$!
{
	archiveVersion = 1;
	classes = {
	};
	objectVersion = 56;
	objects = {

/* Begin PBXBuildFile section */
		9F55C4922A09BAFA00C11690 /* CVAPIClient in Frameworks */ = {isa = PBXBuildFile; productRef = 9F55C4912A09BAFA00C11690 /* CVAPIClient */; };
		9F55C4952A09BC7A00C11690 /* MainRouter.swift in Sources */ = {isa = PBXBuildFile; fileRef = 9F55C4942A09BC7A00C11690 /* MainRouter.swift */; };
		9F55C4982A09BCB700C11690 /* Transition.swift in Sources */ = {isa = PBXBuildFile; fileRef = 9F55C4972A09BCB700C11690 /* Transition.swift */; };
		9F55C49A2A09BD0500C11690 /* PushTransition.swift in Sources */ = {isa = PBXBuildFile; fileRef = 9F55C4992A09BD0500C11690 /* PushTransition.swift */; };
		9F55C4A02A09BE4F00C11690 /* HomeRoute.swift in Sources */ = {isa = PBXBuildFile; fileRef = 9F55C49F2A09BE4F00C11690 /* HomeRoute.swift */; };
		9F55C4A52A09CA8E00C11690 /* ProgramRoute.swift in Sources */ = {isa = PBXBuildFile; fileRef = 9F55C4A42A09CA8E00C11690 /* ProgramRoute.swift */; };
		9F5B4AEC29F1838100878991 /* Swinject in Frameworks */ = {isa = PBXBuildFile; productRef = 9F5B4AEB29F1838100878991 /* Swinject */; };
		9F5B4AEF29F1840E00878991 /* SnapKit in Frameworks */ = {isa = PBXBuildFile; productRef = 9F5B4AEE29F1840E00878991 /* SnapKit */; };
		9F5F4FEE2A0A5E4800EFD1AD /* HomeAssembler.swift in Sources */ = {isa = PBXBuildFile; fileRef = 9F5F4FED2A0A5E4800EFD1AD /* HomeAssembler.swift */; };
		9F7F64F429ECF2DE00E5F5A1 /* AppDelegate.swift in Sources */ = {isa = PBXBuildFile; fileRef = 9F7F64F329ECF2DE00E5F5A1 /* AppDelegate.swift */; };
		9F7F64FB29ECF2DF00E5F5A1 /* Assets.xcassets in Resources */ = {isa = PBXBuildFile; fileRef = 9F7F64FA29ECF2DF00E5F5A1 /* Assets.xcassets */; };
		9F7F64FE29ECF2DF00E5F5A1 /* LaunchScreen.storyboard in Resources */ = {isa = PBXBuildFile; fileRef = 9F7F64FC29ECF2DF00E5F5A1 /* LaunchScreen.storyboard */; };
		9F7F650829ECF2DF00E5F5A1 /* ChannelViewerTests.swift in Sources */ = {isa = PBXBuildFile; fileRef = 9F7F650729ECF2DF00E5F5A1 /* ChannelViewerTests.swift */; };
		9F7F651229ECF2DF00E5F5A1 /* ChannelViewerUITests.swift in Sources */ = {isa = PBXBuildFile; fileRef = 9F7F651129ECF2DF00E5F5A1 /* ChannelViewerUITests.swift */; };
		9F7F651429ECF2DF00E5F5A1 /* ChannelViewerUITestsLaunchTests.swift in Sources */ = {isa = PBXBuildFile; fileRef = 9F7F651329ECF2DF00E5F5A1 /* ChannelViewerUITestsLaunchTests.swift */; };
		9F7F652629ECFB6600E5F5A1 /* HomeVC.swift in Sources */ = {isa = PBXBuildFile; fileRef = 9F7F652529ECFB6600E5F5A1 /* HomeVC.swift */; };
		9F7F652E29ECFE5500E5F5A1 /* DifferenceKit in Frameworks */ = {isa = PBXBuildFile; productRef = 9F7F652D29ECFE5500E5F5A1 /* DifferenceKit */; };
		9F7F653129ED089600E5F5A1 /* HomeInteractor.swift in Sources */ = {isa = PBXBuildFile; fileRef = 9F7F653029ED089600E5F5A1 /* HomeInteractor.swift */; };
		9F7F653429ED08AE00E5F5A1 /* HomePresenter.swift in Sources */ = {isa = PBXBuildFile; fileRef = 9F7F653329ED08AE00E5F5A1 /* HomePresenter.swift */; };
		9F7F653829ED098E00E5F5A1 /* DIContainer.swift in Sources */ = {isa = PBXBuildFile; fileRef = 9F7F653729ED098E00E5F5A1 /* DIContainer.swift */; };
		9FA4C2A82A0E838D00B11A20 /* EmptyTransition.swift in Sources */ = {isa = PBXBuildFile; fileRef = 9FA4C2A72A0E838D00B11A20 /* EmptyTransition.swift */; };
		9FA4C2AB2A0E8C4600B11A20 /* HomeDataRepository.swift in Sources */ = {isa = PBXBuildFile; fileRef = 9FA4C2AA2A0E8C4600B11A20 /* HomeDataRepository.swift */; };
		9FA4C2B02A118A2500B11A20 /* HomeRemoteDataSource.swift in Sources */ = {isa = PBXBuildFile; fileRef = 9FA4C2AF2A118A2500B11A20 /* HomeRemoteDataSource.swift */; };
		9FA4C2B22A118A5400B11A20 /* HomeLocalDataSource.swift in Sources */ = {isa = PBXBuildFile; fileRef = 9FA4C2B12A118A5400B11A20 /* HomeLocalDataSource.swift */; };
		9FA4C2B52A118D5400B11A20 /* PromiseKit in Frameworks */ = {isa = PBXBuildFile; productRef = 9FA4C2B42A118D5400B11A20 /* PromiseKit */; };
		9FA4C2B82A13A28200B11A20 /* APIError.swift in Sources */ = {isa = PBXBuildFile; fileRef = 9FA4C2B72A13A28200B11A20 /* APIError.swift */; };
		9FA4C2BE2A15168000B11A20 /* CoreDataService.swift in Sources */ = {isa = PBXBuildFile; fileRef = 9FA4C2BD2A15168000B11A20 /* CoreDataService.swift */; };
		9FA4C2C12A1518D200B11A20 /* Channel_Viewer.xcdatamodeld in Sources */ = {isa = PBXBuildFile; fileRef = 9FA4C2BF2A1518D200B11A20 /* Channel_Viewer.xcdatamodeld */; };
		9FA4C2CD2A151D6B00B11A20 /* CDError.swift in Sources */ = {isa = PBXBuildFile; fileRef = 9FA4C2CC2A151D6B00B11A20 /* CDError.swift */; };
		9FA4C2DB2A167C2500B11A20 /* CDProgram+CoreDataClass.swift in Sources */ = {isa = PBXBuildFile; fileRef = 9FA4C2D72A167C2500B11A20 /* CDProgram+CoreDataClass.swift */; };
		9FA4C2DC2A167C2500B11A20 /* CDProgram+CoreDataProperties.swift in Sources */ = {isa = PBXBuildFile; fileRef = 9FA4C2D82A167C2500B11A20 /* CDProgram+CoreDataProperties.swift */; };
		9FA4C2DD2A167C2500B11A20 /* CDChannelItem+CoreDataClass.swift in Sources */ = {isa = PBXBuildFile; fileRef = 9FA4C2D92A167C2500B11A20 /* CDChannelItem+CoreDataClass.swift */; };
		9FA4C2DE2A167C2500B11A20 /* CDChannelItem+CoreDataProperties.swift in Sources */ = {isa = PBXBuildFile; fileRef = 9FA4C2DA2A167C2500B11A20 /* CDChannelItem+CoreDataProperties.swift */; };
		9FA4C2E02A167C8500B11A20 /* ChannelItem.swift in Sources */ = {isa = PBXBuildFile; fileRef = 9FA4C2DF2A167C8500B11A20 /* ChannelItem.swift */; };
		9FA4C2E22A167C9000B11A20 /* Program.swift in Sources */ = {isa = PBXBuildFile; fileRef = 9FA4C2E12A167C9000B11A20 /* Program.swift */; };
		9FA4C2E42A172EC800B11A20 /* CoreDataWorker.swift in Sources */ = {isa = PBXBuildFile; fileRef = 9FA4C2E32A172EC800B11A20 /* CoreDataWorker.swift */; };
		9FA4C2E62A172F7100B11A20 /* CustomManagedObjectProtocols.swift in Sources */ = {isa = PBXBuildFile; fileRef = 9FA4C2E52A172F7100B11A20 /* CustomManagedObjectProtocols.swift */; };
/* End PBXBuildFile section */

/* Begin PBXContainerItemProxy section */
		9F7F650429ECF2DF00E5F5A1 /* PBXContainerItemProxy */ = {
			isa = PBXContainerItemProxy;
			containerPortal = 9F7F64E829ECF2DE00E5F5A1 /* Project object */;
			proxyType = 1;
			remoteGlobalIDString = 9F7F64EF29ECF2DE00E5F5A1;
			remoteInfo = ChannelViewer;
		};
		9F7F650E29ECF2DF00E5F5A1 /* PBXContainerItemProxy */ = {
			isa = PBXContainerItemProxy;
			containerPortal = 9F7F64E829ECF2DE00E5F5A1 /* Project object */;
			proxyType = 1;
			remoteGlobalIDString = 9F7F64EF29ECF2DE00E5F5A1;
			remoteInfo = ChannelViewer;
		};
/* End PBXContainerItemProxy section */

/* Begin PBXCopyFilesBuildPhase section */
		9F55C48A2A09ABF500C11690 /* Embed Frameworks */ = {
			isa = PBXCopyFilesBuildPhase;
			buildActionMask = 2147483647;
			dstPath = "";
			dstSubfolderSpec = 10;
			files = (
			);
			name = "Embed Frameworks";
			runOnlyForDeploymentPostprocessing = 0;
		};
/* End PBXCopyFilesBuildPhase section */

/* Begin PBXFileReference section */
		9F55C48F2A09BAED00C11690 /* CVAPIClient */ = {isa = PBXFileReference; lastKnownFileType = wrapper; path = CVAPIClient; sourceTree = "<group>"; };
		9F55C4942A09BC7A00C11690 /* MainRouter.swift */ = {isa = PBXFileReference; lastKnownFileType = sourcecode.swift; path = MainRouter.swift; sourceTree = "<group>"; };
		9F55C4972A09BCB700C11690 /* Transition.swift */ = {isa = PBXFileReference; lastKnownFileType = sourcecode.swift; path = Transition.swift; sourceTree = "<group>"; };
		9F55C4992A09BD0500C11690 /* PushTransition.swift */ = {isa = PBXFileReference; lastKnownFileType = sourcecode.swift; path = PushTransition.swift; sourceTree = "<group>"; };
		9F55C49F2A09BE4F00C11690 /* HomeRoute.swift */ = {isa = PBXFileReference; lastKnownFileType = sourcecode.swift; path = HomeRoute.swift; sourceTree = "<group>"; };
		9F55C4A42A09CA8E00C11690 /* ProgramRoute.swift */ = {isa = PBXFileReference; lastKnownFileType = sourcecode.swift; path = ProgramRoute.swift; sourceTree = "<group>"; };
		9F5B4AE929F17FD000878991 /* .gitignore.md */ = {isa = PBXFileReference; lastKnownFileType = net.daringfireball.markdown; path = .gitignore.md; sourceTree = "<group>"; };
		9F5F4FED2A0A5E4800EFD1AD /* HomeAssembler.swift */ = {isa = PBXFileReference; lastKnownFileType = sourcecode.swift; path = HomeAssembler.swift; sourceTree = "<group>"; };
		9F7F64F029ECF2DE00E5F5A1 /* ChannelViewer.app */ = {isa = PBXFileReference; explicitFileType = wrapper.application; includeInIndex = 0; path = ChannelViewer.app; sourceTree = BUILT_PRODUCTS_DIR; };
		9F7F64F329ECF2DE00E5F5A1 /* AppDelegate.swift */ = {isa = PBXFileReference; lastKnownFileType = sourcecode.swift; path = AppDelegate.swift; sourceTree = "<group>"; };
		9F7F64FA29ECF2DF00E5F5A1 /* Assets.xcassets */ = {isa = PBXFileReference; lastKnownFileType = folder.assetcatalog; path = Assets.xcassets; sourceTree = "<group>"; };
		9F7F64FD29ECF2DF00E5F5A1 /* Base */ = {isa = PBXFileReference; lastKnownFileType = file.storyboard; name = Base; path = Base.lproj/LaunchScreen.storyboard; sourceTree = "<group>"; };
		9F7F650329ECF2DF00E5F5A1 /* ChannelViewerTests.xctest */ = {isa = PBXFileReference; explicitFileType = wrapper.cfbundle; includeInIndex = 0; path = ChannelViewerTests.xctest; sourceTree = BUILT_PRODUCTS_DIR; };
		9F7F650729ECF2DF00E5F5A1 /* ChannelViewerTests.swift */ = {isa = PBXFileReference; lastKnownFileType = sourcecode.swift; path = ChannelViewerTests.swift; sourceTree = "<group>"; };
		9F7F650D29ECF2DF00E5F5A1 /* ChannelViewerUITests.xctest */ = {isa = PBXFileReference; explicitFileType = wrapper.cfbundle; includeInIndex = 0; path = ChannelViewerUITests.xctest; sourceTree = BUILT_PRODUCTS_DIR; };
		9F7F651129ECF2DF00E5F5A1 /* ChannelViewerUITests.swift */ = {isa = PBXFileReference; lastKnownFileType = sourcecode.swift; path = ChannelViewerUITests.swift; sourceTree = "<group>"; };
		9F7F651329ECF2DF00E5F5A1 /* ChannelViewerUITestsLaunchTests.swift */ = {isa = PBXFileReference; lastKnownFileType = sourcecode.swift; path = ChannelViewerUITestsLaunchTests.swift; sourceTree = "<group>"; };
		9F7F652529ECFB6600E5F5A1 /* HomeVC.swift */ = {isa = PBXFileReference; lastKnownFileType = sourcecode.swift; path = HomeVC.swift; sourceTree = "<group>"; };
		9F7F653029ED089600E5F5A1 /* HomeInteractor.swift */ = {isa = PBXFileReference; lastKnownFileType = sourcecode.swift; path = HomeInteractor.swift; sourceTree = "<group>"; };
		9F7F653329ED08AE00E5F5A1 /* HomePresenter.swift */ = {isa = PBXFileReference; lastKnownFileType = sourcecode.swift; path = HomePresenter.swift; sourceTree = "<group>"; };
		9F7F653729ED098E00E5F5A1 /* DIContainer.swift */ = {isa = PBXFileReference; lastKnownFileType = sourcecode.swift; path = DIContainer.swift; sourceTree = "<group>"; };
		9FA4C2A72A0E838D00B11A20 /* EmptyTransition.swift */ = {isa = PBXFileReference; lastKnownFileType = sourcecode.swift; path = EmptyTransition.swift; sourceTree = "<group>"; };
		9FA4C2AA2A0E8C4600B11A20 /* HomeDataRepository.swift */ = {isa = PBXFileReference; lastKnownFileType = sourcecode.swift; path = HomeDataRepository.swift; sourceTree = "<group>"; };
		9FA4C2AF2A118A2500B11A20 /* HomeRemoteDataSource.swift */ = {isa = PBXFileReference; lastKnownFileType = sourcecode.swift; path = HomeRemoteDataSource.swift; sourceTree = "<group>"; };
		9FA4C2B12A118A5400B11A20 /* HomeLocalDataSource.swift */ = {isa = PBXFileReference; lastKnownFileType = sourcecode.swift; path = HomeLocalDataSource.swift; sourceTree = "<group>"; };
		9FA4C2B72A13A28200B11A20 /* APIError.swift */ = {isa = PBXFileReference; lastKnownFileType = sourcecode.swift; path = APIError.swift; sourceTree = "<group>"; };
		9FA4C2BD2A15168000B11A20 /* CoreDataService.swift */ = {isa = PBXFileReference; lastKnownFileType = sourcecode.swift; path = CoreDataService.swift; sourceTree = "<group>"; };
		9FA4C2C02A1518D200B11A20 /* Channel_Viewer.xcdatamodel */ = {isa = PBXFileReference; lastKnownFileType = wrapper.xcdatamodel; path = Channel_Viewer.xcdatamodel; sourceTree = "<group>"; };
		9FA4C2CC2A151D6B00B11A20 /* CDError.swift */ = {isa = PBXFileReference; lastKnownFileType = sourcecode.swift; path = CDError.swift; sourceTree = "<group>"; };
		9FA4C2D72A167C2500B11A20 /* CDProgram+CoreDataClass.swift */ = {isa = PBXFileReference; lastKnownFileType = sourcecode.swift; path = "CDProgram+CoreDataClass.swift"; sourceTree = SOURCE_ROOT; };
		9FA4C2D82A167C2500B11A20 /* CDProgram+CoreDataProperties.swift */ = {isa = PBXFileReference; lastKnownFileType = sourcecode.swift; path = "CDProgram+CoreDataProperties.swift"; sourceTree = SOURCE_ROOT; };
		9FA4C2D92A167C2500B11A20 /* CDChannelItem+CoreDataClass.swift */ = {isa = PBXFileReference; lastKnownFileType = sourcecode.swift; path = "CDChannelItem+CoreDataClass.swift"; sourceTree = SOURCE_ROOT; };
		9FA4C2DA2A167C2500B11A20 /* CDChannelItem+CoreDataProperties.swift */ = {isa = PBXFileReference; lastKnownFileType = sourcecode.swift; path = "CDChannelItem+CoreDataProperties.swift"; sourceTree = SOURCE_ROOT; };
		9FA4C2DF2A167C8500B11A20 /* ChannelItem.swift */ = {isa = PBXFileReference; lastKnownFileType = sourcecode.swift; path = ChannelItem.swift; sourceTree = "<group>"; };
		9FA4C2E12A167C9000B11A20 /* Program.swift */ = {isa = PBXFileReference; lastKnownFileType = sourcecode.swift; path = Program.swift; sourceTree = "<group>"; };
		9FA4C2E32A172EC800B11A20 /* CoreDataWorker.swift */ = {isa = PBXFileReference; lastKnownFileType = sourcecode.swift; path = CoreDataWorker.swift; sourceTree = "<group>"; };
		9FA4C2E52A172F7100B11A20 /* CustomManagedObjectProtocols.swift */ = {isa = PBXFileReference; lastKnownFileType = sourcecode.swift; path = CustomManagedObjectProtocols.swift; sourceTree = "<group>"; };
/* End PBXFileReference section */

/* Begin PBXFrameworksBuildPhase section */
		9F7F64ED29ECF2DE00E5F5A1 /* Frameworks */ = {
			isa = PBXFrameworksBuildPhase;
			buildActionMask = 2147483647;
			files = (
				9FA4C2B52A118D5400B11A20 /* PromiseKit in Frameworks */,
				9F5B4AEF29F1840E00878991 /* SnapKit in Frameworks */,
				9F55C4922A09BAFA00C11690 /* CVAPIClient in Frameworks */,
				9F7F652E29ECFE5500E5F5A1 /* DifferenceKit in Frameworks */,
				9F5B4AEC29F1838100878991 /* Swinject in Frameworks */,
			);
			runOnlyForDeploymentPostprocessing = 0;
		};
		9F7F650029ECF2DF00E5F5A1 /* Frameworks */ = {
			isa = PBXFrameworksBuildPhase;
			buildActionMask = 2147483647;
			files = (
			);
			runOnlyForDeploymentPostprocessing = 0;
		};
		9F7F650A29ECF2DF00E5F5A1 /* Frameworks */ = {
			isa = PBXFrameworksBuildPhase;
			buildActionMask = 2147483647;
			files = (
			);
			runOnlyForDeploymentPostprocessing = 0;
		};
/* End PBXFrameworksBuildPhase section */

/* Begin PBXGroup section */
		9F55C48E2A09BAED00C11690 /* Packages */ = {
			isa = PBXGroup;
			children = (
				9F55C48F2A09BAED00C11690 /* CVAPIClient */,
			);
			name = Packages;
			sourceTree = "<group>";
		};
		9F55C4932A09BC1B00C11690 /* Router */ = {
			isa = PBXGroup;
			children = (
				9F55C49E2A09BE0D00C11690 /* Routes */,
				9F55C4962A09BC9C00C11690 /* Transitions */,
				9F55C4942A09BC7A00C11690 /* MainRouter.swift */,
			);
			path = Router;
			sourceTree = "<group>";
		};
		9F55C4962A09BC9C00C11690 /* Transitions */ = {
			isa = PBXGroup;
			children = (
				9F55C4972A09BCB700C11690 /* Transition.swift */,
				9F55C4992A09BD0500C11690 /* PushTransition.swift */,
				9FA4C2A72A0E838D00B11A20 /* EmptyTransition.swift */,
			);
			path = Transitions;
			sourceTree = "<group>";
		};
		9F55C49E2A09BE0D00C11690 /* Routes */ = {
			isa = PBXGroup;
			children = (
				9F55C49F2A09BE4F00C11690 /* HomeRoute.swift */,
				9F55C4A42A09CA8E00C11690 /* ProgramRoute.swift */,
			);
			path = Routes;
			sourceTree = "<group>";
		};
		9F5F4FEC2A0A5E3400EFD1AD /* Assemblers */ = {
			isa = PBXGroup;
			children = (
				9F5F4FED2A0A5E4800EFD1AD /* HomeAssembler.swift */,
			);
			path = Assemblers;
			sourceTree = "<group>";
		};
		9F65AE2A29EF02FE00032AEF /* Scenes */ = {
			isa = PBXGroup;
			children = (
				9F7F652F29ED087600E5F5A1 /* Home */,
			);
			path = Scenes;
			sourceTree = "<group>";
		};
		9F7F64E729ECF2DE00E5F5A1 = {
			isa = PBXGroup;
			children = (
				9F5B4AE929F17FD000878991 /* .gitignore.md */,
				9F7F64F229ECF2DE00E5F5A1 /* ChannelViewer */,
				9F7F650629ECF2DF00E5F5A1 /* ChannelViewerTests */,
				9F7F651029ECF2DF00E5F5A1 /* ChannelViewerUITests */,
				9F55C48E2A09BAED00C11690 /* Packages */,
				9F7F64F129ECF2DE00E5F5A1 /* Products */,
			);
			sourceTree = "<group>";
		};
		9F7F64F129ECF2DE00E5F5A1 /* Products */ = {
			isa = PBXGroup;
			children = (
				9F7F64F029ECF2DE00E5F5A1 /* ChannelViewer.app */,
				9F7F650329ECF2DF00E5F5A1 /* ChannelViewerTests.xctest */,
				9F7F650D29ECF2DF00E5F5A1 /* ChannelViewerUITests.xctest */,
			);
			name = Products;
			sourceTree = "<group>";
		};
		9F7F64F229ECF2DE00E5F5A1 /* ChannelViewer */ = {
			isa = PBXGroup;
			children = (
				9F7F652029ECF41D00E5F5A1 /* AppDelegate */,
				9F7F652229ECF46E00E5F5A1 /* Application */,
				9F7F652129ECF45300E5F5A1 /* Resources */,
			);
			path = ChannelViewer;
			sourceTree = "<group>";
		};
		9F7F650629ECF2DF00E5F5A1 /* ChannelViewerTests */ = {
			isa = PBXGroup;
			children = (
				9F7F650729ECF2DF00E5F5A1 /* ChannelViewerTests.swift */,
			);
			path = ChannelViewerTests;
			sourceTree = "<group>";
		};
		9F7F651029ECF2DF00E5F5A1 /* ChannelViewerUITests */ = {
			isa = PBXGroup;
			children = (
				9F7F651129ECF2DF00E5F5A1 /* ChannelViewerUITests.swift */,
				9F7F651329ECF2DF00E5F5A1 /* ChannelViewerUITestsLaunchTests.swift */,
			);
			path = ChannelViewerUITests;
			sourceTree = "<group>";
		};
		9F7F652029ECF41D00E5F5A1 /* AppDelegate */ = {
			isa = PBXGroup;
			children = (
				9F7F64F329ECF2DE00E5F5A1 /* AppDelegate.swift */,
			);
			path = AppDelegate;
			sourceTree = "<group>";
		};
		9F7F652129ECF45300E5F5A1 /* Resources */ = {
			isa = PBXGroup;
			children = (
				9F7F64FA29ECF2DF00E5F5A1 /* Assets.xcassets */,
				9F7F64FC29ECF2DF00E5F5A1 /* LaunchScreen.storyboard */,
			);
			path = Resources;
			sourceTree = "<group>";
		};
		9F7F652229ECF46E00E5F5A1 /* Application */ = {
			isa = PBXGroup;
			children = (
				9FA4C2B62A13A26600B11A20 /* Errors */,
				9F7F652429ECF48100E5F5A1 /* DIContainer */,
				9F7F652329ECF47700E5F5A1 /* Modules */,
			);
			path = Application;
			sourceTree = "<group>";
		};
		9F7F652329ECF47700E5F5A1 /* Modules */ = {
			isa = PBXGroup;
			children = (
				9FA4C2BB2A15165200B11A20 /* Storage */,
				9FA4C2AE2A1189FB00B11A20 /* DataSource */,
				9FA4C2A92A0E8C2D00B11A20 /* Repository */,
				9F55C4932A09BC1B00C11690 /* Router */,
				9F65AE2A29EF02FE00032AEF /* Scenes */,
			);
			path = Modules;
			sourceTree = "<group>";
		};
		9F7F652429ECF48100E5F5A1 /* DIContainer */ = {
			isa = PBXGroup;
			children = (
				9F5F4FEC2A0A5E3400EFD1AD /* Assemblers */,
				9F7F653729ED098E00E5F5A1 /* DIContainer.swift */,
			);
			path = DIContainer;
			sourceTree = "<group>";
		};
		9F7F652F29ED087600E5F5A1 /* Home */ = {
			isa = PBXGroup;
			children = (
				9F7F652529ECFB6600E5F5A1 /* HomeVC.swift */,
				9F7F653329ED08AE00E5F5A1 /* HomePresenter.swift */,
				9F7F653029ED089600E5F5A1 /* HomeInteractor.swift */,
			);
			path = Home;
			sourceTree = "<group>";
		};
		9FA4C2A92A0E8C2D00B11A20 /* Repository */ = {
			isa = PBXGroup;
			children = (
				9FA4C2CE2A167B6800B11A20 /* Models */,
				9FA4C2AA2A0E8C4600B11A20 /* HomeDataRepository.swift */,
			);
			path = Repository;
			sourceTree = "<group>";
		};
		9FA4C2AE2A1189FB00B11A20 /* DataSource */ = {
			isa = PBXGroup;
			children = (
				9FA4C2AF2A118A2500B11A20 /* HomeRemoteDataSource.swift */,
				9FA4C2B12A118A5400B11A20 /* HomeLocalDataSource.swift */,
			);
			path = DataSource;
			sourceTree = "<group>";
		};
		9FA4C2B62A13A26600B11A20 /* Errors */ = {
			isa = PBXGroup;
			children = (
				9FA4C2B72A13A28200B11A20 /* APIError.swift */,
				9FA4C2CC2A151D6B00B11A20 /* CDError.swift */,
			);
			path = Errors;
			sourceTree = "<group>";
		};
		9FA4C2BB2A15165200B11A20 /* Storage */ = {
			isa = PBXGroup;
			children = (
				9FA4C2BC2A15165C00B11A20 /* Coredata */,
			);
			path = Storage;
			sourceTree = "<group>";
		};
		9FA4C2BC2A15165C00B11A20 /* Coredata */ = {
			isa = PBXGroup;
			children = (
				9FA4C2C32A151C1000B11A20 /* Models */,
				9FA4C2BD2A15168000B11A20 /* CoreDataService.swift */,
				9FA4C2E32A172EC800B11A20 /* CoreDataWorker.swift */,
				9FA4C2E52A172F7100B11A20 /* CustomManagedObjectProtocols.swift */,
				9FA4C2BF2A1518D200B11A20 /* Channel_Viewer.xcdatamodeld */,
			);
			path = Coredata;
			sourceTree = "<group>";
		};
		9FA4C2C32A151C1000B11A20 /* Models */ = {
			isa = PBXGroup;
			children = (
				9FA4C2D72A167C2500B11A20 /* CDProgram+CoreDataClass.swift */,
				9FA4C2D82A167C2500B11A20 /* CDProgram+CoreDataProperties.swift */,
				9FA4C2D92A167C2500B11A20 /* CDChannelItem+CoreDataClass.swift */,
				9FA4C2DA2A167C2500B11A20 /* CDChannelItem+CoreDataProperties.swift */,
			);
			path = Models;
			sourceTree = "<group>";
		};
		9FA4C2CE2A167B6800B11A20 /* Models */ = {
			isa = PBXGroup;
			children = (
				9FA4C2DF2A167C8500B11A20 /* ChannelItem.swift */,
				9FA4C2E12A167C9000B11A20 /* Program.swift */,
			);
			path = Models;
			sourceTree = "<group>";
		};
/* End PBXGroup section */

/* Begin PBXNativeTarget section */
		9F7F64EF29ECF2DE00E5F5A1 /* ChannelViewer */ = {
			isa = PBXNativeTarget;
			buildConfigurationList = 9F7F651729ECF2DF00E5F5A1 /* Build configuration list for PBXNativeTarget "ChannelViewer" */;
			buildPhases = (
				9F7F64EC29ECF2DE00E5F5A1 /* Sources */,
				9F7F64ED29ECF2DE00E5F5A1 /* Frameworks */,
				9F7F64EE29ECF2DE00E5F5A1 /* Resources */,
				9F55C48A2A09ABF500C11690 /* Embed Frameworks */,
			);
			buildRules = (
			);
			dependencies = (
			);
			name = ChannelViewer;
			packageProductDependencies = (
				9F7F652D29ECFE5500E5F5A1 /* DifferenceKit */,
				9F5B4AEB29F1838100878991 /* Swinject */,
				9F5B4AEE29F1840E00878991 /* SnapKit */,
				9F55C4912A09BAFA00C11690 /* CVAPIClient */,
				9FA4C2B42A118D5400B11A20 /* PromiseKit */,
			);
			productName = ChannelViewer;
			productReference = 9F7F64F029ECF2DE00E5F5A1 /* ChannelViewer.app */;
			productType = "com.apple.product-type.application";
		};
		9F7F650229ECF2DF00E5F5A1 /* ChannelViewerTests */ = {
			isa = PBXNativeTarget;
			buildConfigurationList = 9F7F651A29ECF2DF00E5F5A1 /* Build configuration list for PBXNativeTarget "ChannelViewerTests" */;
			buildPhases = (
				9F7F64FF29ECF2DF00E5F5A1 /* Sources */,
				9F7F650029ECF2DF00E5F5A1 /* Frameworks */,
				9F7F650129ECF2DF00E5F5A1 /* Resources */,
			);
			buildRules = (
			);
			dependencies = (
				9F7F650529ECF2DF00E5F5A1 /* PBXTargetDependency */,
			);
			name = ChannelViewerTests;
			productName = ChannelViewerTests;
			productReference = 9F7F650329ECF2DF00E5F5A1 /* ChannelViewerTests.xctest */;
			productType = "com.apple.product-type.bundle.unit-test";
		};
		9F7F650C29ECF2DF00E5F5A1 /* ChannelViewerUITests */ = {
			isa = PBXNativeTarget;
			buildConfigurationList = 9F7F651D29ECF2DF00E5F5A1 /* Build configuration list for PBXNativeTarget "ChannelViewerUITests" */;
			buildPhases = (
				9F7F650929ECF2DF00E5F5A1 /* Sources */,
				9F7F650A29ECF2DF00E5F5A1 /* Frameworks */,
				9F7F650B29ECF2DF00E5F5A1 /* Resources */,
			);
			buildRules = (
			);
			dependencies = (
				9F7F650F29ECF2DF00E5F5A1 /* PBXTargetDependency */,
			);
			name = ChannelViewerUITests;
			productName = ChannelViewerUITests;
			productReference = 9F7F650D29ECF2DF00E5F5A1 /* ChannelViewerUITests.xctest */;
			productType = "com.apple.product-type.bundle.ui-testing";
		};
/* End PBXNativeTarget section */

/* Begin PBXProject section */
		9F7F64E829ECF2DE00E5F5A1 /* Project object */ = {
			isa = PBXProject;
			attributes = {
				BuildIndependentTargetsInParallel = 1;
				LastSwiftUpdateCheck = 1430;
				LastUpgradeCheck = 1420;
				TargetAttributes = {
					9F7F64EF29ECF2DE00E5F5A1 = {
						CreatedOnToolsVersion = 14.2;
					};
					9F7F650229ECF2DF00E5F5A1 = {
						CreatedOnToolsVersion = 14.2;
						TestTargetID = 9F7F64EF29ECF2DE00E5F5A1;
					};
					9F7F650C29ECF2DF00E5F5A1 = {
						CreatedOnToolsVersion = 14.2;
						TestTargetID = 9F7F64EF29ECF2DE00E5F5A1;
					};
				};
			};
			buildConfigurationList = 9F7F64EB29ECF2DE00E5F5A1 /* Build configuration list for PBXProject "ChannelViewer" */;
			compatibilityVersion = "Xcode 14.0";
			developmentRegion = en;
			hasScannedForEncodings = 0;
			knownRegions = (
				en,
				Base,
			);
			mainGroup = 9F7F64E729ECF2DE00E5F5A1;
			packageReferences = (
				9F7F652C29ECFE5500E5F5A1 /* XCRemoteSwiftPackageReference "DifferenceKit" */,
				9F5B4AEA29F1838100878991 /* XCRemoteSwiftPackageReference "Swinject" */,
				9F5B4AED29F1840E00878991 /* XCRemoteSwiftPackageReference "SnapKit" */,
				9FA4C2B32A118D5400B11A20 /* XCRemoteSwiftPackageReference "PromiseKit" */,
			);
			productRefGroup = 9F7F64F129ECF2DE00E5F5A1 /* Products */;
			projectDirPath = "";
			projectRoot = "";
			targets = (
				9F7F64EF29ECF2DE00E5F5A1 /* ChannelViewer */,
				9F7F650229ECF2DF00E5F5A1 /* ChannelViewerTests */,
				9F7F650C29ECF2DF00E5F5A1 /* ChannelViewerUITests */,
			);
		};
/* End PBXProject section */

/* Begin PBXResourcesBuildPhase section */
		9F7F64EE29ECF2DE00E5F5A1 /* Resources */ = {
			isa = PBXResourcesBuildPhase;
			buildActionMask = 2147483647;
			files = (
				9F7F64FE29ECF2DF00E5F5A1 /* LaunchScreen.storyboard in Resources */,
				9F7F64FB29ECF2DF00E5F5A1 /* Assets.xcassets in Resources */,
			);
			runOnlyForDeploymentPostprocessing = 0;
		};
		9F7F650129ECF2DF00E5F5A1 /* Resources */ = {
			isa = PBXResourcesBuildPhase;
			buildActionMask = 2147483647;
			files = (
			);
			runOnlyForDeploymentPostprocessing = 0;
		};
		9F7F650B29ECF2DF00E5F5A1 /* Resources */ = {
			isa = PBXResourcesBuildPhase;
			buildActionMask = 2147483647;
			files = (
			);
			runOnlyForDeploymentPostprocessing = 0;
		};
/* End PBXResourcesBuildPhase section */

/* Begin PBXSourcesBuildPhase section */
		9F7F64EC29ECF2DE00E5F5A1 /* Sources */ = {
			isa = PBXSourcesBuildPhase;
			buildActionMask = 2147483647;
			files = (
				9F7F653129ED089600E5F5A1 /* HomeInteractor.swift in Sources */,
				9F5F4FEE2A0A5E4800EFD1AD /* HomeAssembler.swift in Sources */,
				9FA4C2B82A13A28200B11A20 /* APIError.swift in Sources */,
				9FA4C2B22A118A5400B11A20 /* HomeLocalDataSource.swift in Sources */,
				9FA4C2E02A167C8500B11A20 /* ChannelItem.swift in Sources */,
				9FA4C2E22A167C9000B11A20 /* Program.swift in Sources */,
				9F55C4952A09BC7A00C11690 /* MainRouter.swift in Sources */,
				9FA4C2DD2A167C2500B11A20 /* CDChannelItem+CoreDataClass.swift in Sources */,
				9F7F64F429ECF2DE00E5F5A1 /* AppDelegate.swift in Sources */,
				9F7F652629ECFB6600E5F5A1 /* HomeVC.swift in Sources */,
				9FA4C2DB2A167C2500B11A20 /* CDProgram+CoreDataClass.swift in Sources */,
				9F7F653429ED08AE00E5F5A1 /* HomePresenter.swift in Sources */,
				9FA4C2E62A172F7100B11A20 /* CustomManagedObjectProtocols.swift in Sources */,
				9FA4C2DC2A167C2500B11A20 /* CDProgram+CoreDataProperties.swift in Sources */,
				9F7F653829ED098E00E5F5A1 /* DIContainer.swift in Sources */,
				9FA4C2AB2A0E8C4600B11A20 /* HomeDataRepository.swift in Sources */,
				9FA4C2DE2A167C2500B11A20 /* CDChannelItem+CoreDataProperties.swift in Sources */,
				9F55C4A02A09BE4F00C11690 /* HomeRoute.swift in Sources */,
				9F55C4982A09BCB700C11690 /* Transition.swift in Sources */,
				9FA4C2C12A1518D200B11A20 /* Channel_Viewer.xcdatamodeld in Sources */,
				9FA4C2A82A0E838D00B11A20 /* EmptyTransition.swift in Sources */,
				9FA4C2CD2A151D6B00B11A20 /* CDError.swift in Sources */,
				9F55C49A2A09BD0500C11690 /* PushTransition.swift in Sources */,
				9FA4C2E42A172EC800B11A20 /* CoreDataWorker.swift in Sources */,
				9FA4C2B02A118A2500B11A20 /* HomeRemoteDataSource.swift in Sources */,
				9FA4C2BE2A15168000B11A20 /* CoreDataService.swift in Sources */,
				9F55C4A52A09CA8E00C11690 /* ProgramRoute.swift in Sources */,
			);
			runOnlyForDeploymentPostprocessing = 0;
		};
		9F7F64FF29ECF2DF00E5F5A1 /* Sources */ = {
			isa = PBXSourcesBuildPhase;
			buildActionMask = 2147483647;
			files = (
				9F7F650829ECF2DF00E5F5A1 /* ChannelViewerTests.swift in Sources */,
			);
			runOnlyForDeploymentPostprocessing = 0;
		};
		9F7F650929ECF2DF00E5F5A1 /* Sources */ = {
			isa = PBXSourcesBuildPhase;
			buildActionMask = 2147483647;
			files = (
				9F7F651429ECF2DF00E5F5A1 /* ChannelViewerUITestsLaunchTests.swift in Sources */,
				9F7F651229ECF2DF00E5F5A1 /* ChannelViewerUITests.swift in Sources */,
			);
			runOnlyForDeploymentPostprocessing = 0;
		};
/* End PBXSourcesBuildPhase section */

/* Begin PBXTargetDependency section */
		9F7F650529ECF2DF00E5F5A1 /* PBXTargetDependency */ = {
			isa = PBXTargetDependency;
			target = 9F7F64EF29ECF2DE00E5F5A1 /* ChannelViewer */;
			targetProxy = 9F7F650429ECF2DF00E5F5A1 /* PBXContainerItemProxy */;
		};
		9F7F650F29ECF2DF00E5F5A1 /* PBXTargetDependency */ = {
			isa = PBXTargetDependency;
			target = 9F7F64EF29ECF2DE00E5F5A1 /* ChannelViewer */;
			targetProxy = 9F7F650E29ECF2DF00E5F5A1 /* PBXContainerItemProxy */;
		};
/* End PBXTargetDependency section */

/* Begin PBXVariantGroup section */
		9F7F64FC29ECF2DF00E5F5A1 /* LaunchScreen.storyboard */ = {
			isa = PBXVariantGroup;
			children = (
				9F7F64FD29ECF2DF00E5F5A1 /* Base */,
			);
			name = LaunchScreen.storyboard;
			sourceTree = "<group>";
		};
/* End PBXVariantGroup section */

/* Begin XCBuildConfiguration section */
		9F7F651529ECF2DF00E5F5A1 /* Debug */ = {
			isa = XCBuildConfiguration;
			buildSettings = {
				ALWAYS_SEARCH_USER_PATHS = NO;
				CLANG_ANALYZER_NONNULL = YES;
				CLANG_ANALYZER_NUMBER_OBJECT_CONVERSION = YES_AGGRESSIVE;
				CLANG_CXX_LANGUAGE_STANDARD = "gnu++20";
				CLANG_ENABLE_MODULES = YES;
				CLANG_ENABLE_OBJC_ARC = YES;
				CLANG_ENABLE_OBJC_WEAK = YES;
				CLANG_WARN_BLOCK_CAPTURE_AUTORELEASING = YES;
				CLANG_WARN_BOOL_CONVERSION = YES;
				CLANG_WARN_COMMA = YES;
				CLANG_WARN_CONSTANT_CONVERSION = YES;
				CLANG_WARN_DEPRECATED_OBJC_IMPLEMENTATIONS = YES;
				CLANG_WARN_DIRECT_OBJC_ISA_USAGE = YES_ERROR;
				CLANG_WARN_DOCUMENTATION_COMMENTS = YES;
				CLANG_WARN_EMPTY_BODY = YES;
				CLANG_WARN_ENUM_CONVERSION = YES;
				CLANG_WARN_INFINITE_RECURSION = YES;
				CLANG_WARN_INT_CONVERSION = YES;
				CLANG_WARN_NON_LITERAL_NULL_CONVERSION = YES;
				CLANG_WARN_OBJC_IMPLICIT_RETAIN_SELF = YES;
				CLANG_WARN_OBJC_LITERAL_CONVERSION = YES;
				CLANG_WARN_OBJC_ROOT_CLASS = YES_ERROR;
				CLANG_WARN_QUOTED_INCLUDE_IN_FRAMEWORK_HEADER = YES;
				CLANG_WARN_RANGE_LOOP_ANALYSIS = YES;
				CLANG_WARN_STRICT_PROTOTYPES = YES;
				CLANG_WARN_SUSPICIOUS_MOVE = YES;
				CLANG_WARN_UNGUARDED_AVAILABILITY = YES_AGGRESSIVE;
				CLANG_WARN_UNREACHABLE_CODE = YES;
				CLANG_WARN__DUPLICATE_METHOD_MATCH = YES;
				COPY_PHASE_STRIP = NO;
				DEBUG_INFORMATION_FORMAT = dwarf;
				ENABLE_STRICT_OBJC_MSGSEND = YES;
				ENABLE_TESTABILITY = YES;
				GCC_C_LANGUAGE_STANDARD = gnu11;
				GCC_DYNAMIC_NO_PIC = NO;
				GCC_NO_COMMON_BLOCKS = YES;
				GCC_OPTIMIZATION_LEVEL = 0;
				GCC_PREPROCESSOR_DEFINITIONS = (
					"DEBUG=1",
					"$(inherited)",
				);
				GCC_WARN_64_TO_32_BIT_CONVERSION = YES;
				GCC_WARN_ABOUT_RETURN_TYPE = YES_ERROR;
				GCC_WARN_UNDECLARED_SELECTOR = YES;
				GCC_WARN_UNINITIALIZED_AUTOS = YES_AGGRESSIVE;
				GCC_WARN_UNUSED_FUNCTION = YES;
				GCC_WARN_UNUSED_VARIABLE = YES;
				MTL_ENABLE_DEBUG_INFO = INCLUDE_SOURCE;
				MTL_FAST_MATH = YES;
				ONLY_ACTIVE_ARCH = YES;
				SDKROOT = appletvos;
				SWIFT_ACTIVE_COMPILATION_CONDITIONS = DEBUG;
				SWIFT_OPTIMIZATION_LEVEL = "-Onone";
				TVOS_DEPLOYMENT_TARGET = 16.1;
			};
			name = Debug;
		};
		9F7F651629ECF2DF00E5F5A1 /* Release */ = {
			isa = XCBuildConfiguration;
			buildSettings = {
				ALWAYS_SEARCH_USER_PATHS = NO;
				CLANG_ANALYZER_NONNULL = YES;
				CLANG_ANALYZER_NUMBER_OBJECT_CONVERSION = YES_AGGRESSIVE;
				CLANG_CXX_LANGUAGE_STANDARD = "gnu++20";
				CLANG_ENABLE_MODULES = YES;
				CLANG_ENABLE_OBJC_ARC = YES;
				CLANG_ENABLE_OBJC_WEAK = YES;
				CLANG_WARN_BLOCK_CAPTURE_AUTORELEASING = YES;
				CLANG_WARN_BOOL_CONVERSION = YES;
				CLANG_WARN_COMMA = YES;
				CLANG_WARN_CONSTANT_CONVERSION = YES;
				CLANG_WARN_DEPRECATED_OBJC_IMPLEMENTATIONS = YES;
				CLANG_WARN_DIRECT_OBJC_ISA_USAGE = YES_ERROR;
				CLANG_WARN_DOCUMENTATION_COMMENTS = YES;
				CLANG_WARN_EMPTY_BODY = YES;
				CLANG_WARN_ENUM_CONVERSION = YES;
				CLANG_WARN_INFINITE_RECURSION = YES;
				CLANG_WARN_INT_CONVERSION = YES;
				CLANG_WARN_NON_LITERAL_NULL_CONVERSION = YES;
				CLANG_WARN_OBJC_IMPLICIT_RETAIN_SELF = YES;
				CLANG_WARN_OBJC_LITERAL_CONVERSION = YES;
				CLANG_WARN_OBJC_ROOT_CLASS = YES_ERROR;
				CLANG_WARN_QUOTED_INCLUDE_IN_FRAMEWORK_HEADER = YES;
				CLANG_WARN_RANGE_LOOP_ANALYSIS = YES;
				CLANG_WARN_STRICT_PROTOTYPES = YES;
				CLANG_WARN_SUSPICIOUS_MOVE = YES;
				CLANG_WARN_UNGUARDED_AVAILABILITY = YES_AGGRESSIVE;
				CLANG_WARN_UNREACHABLE_CODE = YES;
				CLANG_WARN__DUPLICATE_METHOD_MATCH = YES;
				COPY_PHASE_STRIP = NO;
				DEBUG_INFORMATION_FORMAT = "dwarf-with-dsym";
				ENABLE_NS_ASSERTIONS = NO;
				ENABLE_STRICT_OBJC_MSGSEND = YES;
				GCC_C_LANGUAGE_STANDARD = gnu11;
				GCC_NO_COMMON_BLOCKS = YES;
				GCC_WARN_64_TO_32_BIT_CONVERSION = YES;
				GCC_WARN_ABOUT_RETURN_TYPE = YES_ERROR;
				GCC_WARN_UNDECLARED_SELECTOR = YES;
				GCC_WARN_UNINITIALIZED_AUTOS = YES_AGGRESSIVE;
				GCC_WARN_UNUSED_FUNCTION = YES;
				GCC_WARN_UNUSED_VARIABLE = YES;
				MTL_ENABLE_DEBUG_INFO = NO;
				MTL_FAST_MATH = YES;
				SDKROOT = appletvos;
				SWIFT_COMPILATION_MODE = wholemodule;
				SWIFT_OPTIMIZATION_LEVEL = "-O";
				TVOS_DEPLOYMENT_TARGET = 16.1;
				VALIDATE_PRODUCT = YES;
			};
			name = Release;
		};
		9F7F651829ECF2DF00E5F5A1 /* Debug */ = {
			isa = XCBuildConfiguration;
			buildSettings = {
				ASSETCATALOG_COMPILER_APPICON_NAME = "App Icon & Top Shelf Image";
				ASSETCATALOG_COMPILER_GLOBAL_ACCENT_COLOR_NAME = AccentColor;
				CODE_SIGN_STYLE = Automatic;
				CURRENT_PROJECT_VERSION = 1;
				DEVELOPMENT_TEAM = YXUXCVBT88;
				GENERATE_INFOPLIST_FILE = YES;
				INFOPLIST_KEY_UILaunchStoryboardName = LaunchScreen;
				INFOPLIST_KEY_UIUserInterfaceStyle = Automatic;
				LD_RUNPATH_SEARCH_PATHS = (
					"$(inherited)",
					"@executable_path/Frameworks",
				);
				MARKETING_VERSION = 1.0;
				PRODUCT_BUNDLE_IDENTIFIER = com.regor.ChannelViewer;
				PRODUCT_NAME = "$(TARGET_NAME)";
				SWIFT_EMIT_LOC_STRINGS = YES;
				SWIFT_VERSION = 5.0;
				TARGETED_DEVICE_FAMILY = 3;
			};
			name = Debug;
		};
		9F7F651929ECF2DF00E5F5A1 /* Release */ = {
			isa = XCBuildConfiguration;
			buildSettings = {
				ASSETCATALOG_COMPILER_APPICON_NAME = "App Icon & Top Shelf Image";
				ASSETCATALOG_COMPILER_GLOBAL_ACCENT_COLOR_NAME = AccentColor;
				CODE_SIGN_STYLE = Automatic;
				CURRENT_PROJECT_VERSION = 1;
				DEVELOPMENT_TEAM = YXUXCVBT88;
				GENERATE_INFOPLIST_FILE = YES;
				INFOPLIST_KEY_UILaunchStoryboardName = LaunchScreen;
				INFOPLIST_KEY_UIUserInterfaceStyle = Automatic;
				LD_RUNPATH_SEARCH_PATHS = (
					"$(inherited)",
					"@executable_path/Frameworks",
				);
				MARKETING_VERSION = 1.0;
				PRODUCT_BUNDLE_IDENTIFIER = com.regor.ChannelViewer;
				PRODUCT_NAME = "$(TARGET_NAME)";
				SWIFT_EMIT_LOC_STRINGS = YES;
				SWIFT_VERSION = 5.0;
				TARGETED_DEVICE_FAMILY = 3;
			};
			name = Release;
		};
		9F7F651B29ECF2DF00E5F5A1 /* Debug */ = {
			isa = XCBuildConfiguration;
			buildSettings = {
				ALWAYS_EMBED_SWIFT_STANDARD_LIBRARIES = YES;
				BUNDLE_LOADER = "$(TEST_HOST)";
				CODE_SIGN_STYLE = Automatic;
				CURRENT_PROJECT_VERSION = 1;
				DEVELOPMENT_TEAM = YXUXCVBT88;
				GENERATE_INFOPLIST_FILE = YES;
				MARKETING_VERSION = 1.0;
				PRODUCT_BUNDLE_IDENTIFIER = com.regor.ChannelViewerTests;
				PRODUCT_NAME = "$(TARGET_NAME)";
				SWIFT_EMIT_LOC_STRINGS = NO;
				SWIFT_VERSION = 5.0;
				TARGETED_DEVICE_FAMILY = 3;
				TEST_HOST = "$(BUILT_PRODUCTS_DIR)/ChannelViewer.app/$(BUNDLE_EXECUTABLE_FOLDER_PATH)/ChannelViewer";
				TVOS_DEPLOYMENT_TARGET = 16.1;
			};
			name = Debug;
		};
		9F7F651C29ECF2DF00E5F5A1 /* Release */ = {
			isa = XCBuildConfiguration;
			buildSettings = {
				ALWAYS_EMBED_SWIFT_STANDARD_LIBRARIES = YES;
				BUNDLE_LOADER = "$(TEST_HOST)";
				CODE_SIGN_STYLE = Automatic;
				CURRENT_PROJECT_VERSION = 1;
				DEVELOPMENT_TEAM = YXUXCVBT88;
				GENERATE_INFOPLIST_FILE = YES;
				MARKETING_VERSION = 1.0;
				PRODUCT_BUNDLE_IDENTIFIER = com.regor.ChannelViewerTests;
				PRODUCT_NAME = "$(TARGET_NAME)";
				SWIFT_EMIT_LOC_STRINGS = NO;
				SWIFT_VERSION = 5.0;
				TARGETED_DEVICE_FAMILY = 3;
				TEST_HOST = "$(BUILT_PRODUCTS_DIR)/ChannelViewer.app/$(BUNDLE_EXECUTABLE_FOLDER_PATH)/ChannelViewer";
				TVOS_DEPLOYMENT_TARGET = 16.1;
			};
			name = Release;
		};
		9F7F651E29ECF2DF00E5F5A1 /* Debug */ = {
			isa = XCBuildConfiguration;
			buildSettings = {
				ALWAYS_EMBED_SWIFT_STANDARD_LIBRARIES = YES;
				CODE_SIGN_STYLE = Automatic;
				CURRENT_PROJECT_VERSION = 1;
				DEVELOPMENT_TEAM = YXUXCVBT88;
				GENERATE_INFOPLIST_FILE = YES;
				MARKETING_VERSION = 1.0;
				PRODUCT_BUNDLE_IDENTIFIER = com.regor.ChannelViewerUITests;
				PRODUCT_NAME = "$(TARGET_NAME)";
				SWIFT_EMIT_LOC_STRINGS = NO;
				SWIFT_VERSION = 5.0;
				TARGETED_DEVICE_FAMILY = 3;
				TEST_TARGET_NAME = ChannelViewer;
			};
			name = Debug;
		};
		9F7F651F29ECF2DF00E5F5A1 /* Release */ = {
			isa = XCBuildConfiguration;
			buildSettings = {
				ALWAYS_EMBED_SWIFT_STANDARD_LIBRARIES = YES;
				CODE_SIGN_STYLE = Automatic;
				CURRENT_PROJECT_VERSION = 1;
				DEVELOPMENT_TEAM = YXUXCVBT88;
				GENERATE_INFOPLIST_FILE = YES;
				MARKETING_VERSION = 1.0;
				PRODUCT_BUNDLE_IDENTIFIER = com.regor.ChannelViewerUITests;
				PRODUCT_NAME = "$(TARGET_NAME)";
				SWIFT_EMIT_LOC_STRINGS = NO;
				SWIFT_VERSION = 5.0;
				TARGETED_DEVICE_FAMILY = 3;
				TEST_TARGET_NAME = ChannelViewer;
			};
			name = Release;
		};
/* End XCBuildConfiguration section */

/* Begin XCConfigurationList section */
		9F7F64EB29ECF2DE00E5F5A1 /* Build configuration list for PBXProject "ChannelViewer" */ = {
			isa = XCConfigurationList;
			buildConfigurations = (
				9F7F651529ECF2DF00E5F5A1 /* Debug */,
				9F7F651629ECF2DF00E5F5A1 /* Release */,
			);
			defaultConfigurationIsVisible = 0;
			defaultConfigurationName = Release;
		};
		9F7F651729ECF2DF00E5F5A1 /* Build configuration list for PBXNativeTarget "ChannelViewer" */ = {
			isa = XCConfigurationList;
			buildConfigurations = (
				9F7F651829ECF2DF00E5F5A1 /* Debug */,
				9F7F651929ECF2DF00E5F5A1 /* Release */,
			);
			defaultConfigurationIsVisible = 0;
			defaultConfigurationName = Release;
		};
		9F7F651A29ECF2DF00E5F5A1 /* Build configuration list for PBXNativeTarget "ChannelViewerTests" */ = {
			isa = XCConfigurationList;
			buildConfigurations = (
				9F7F651B29ECF2DF00E5F5A1 /* Debug */,
				9F7F651C29ECF2DF00E5F5A1 /* Release */,
			);
			defaultConfigurationIsVisible = 0;
			defaultConfigurationName = Release;
		};
		9F7F651D29ECF2DF00E5F5A1 /* Build configuration list for PBXNativeTarget "ChannelViewerUITests" */ = {
			isa = XCConfigurationList;
			buildConfigurations = (
				9F7F651E29ECF2DF00E5F5A1 /* Debug */,
				9F7F651F29ECF2DF00E5F5A1 /* Release */,
			);
			defaultConfigurationIsVisible = 0;
			defaultConfigurationName = Release;
		};
/* End XCConfigurationList section */

/* Begin XCRemoteSwiftPackageReference section */
		9F5B4AEA29F1838100878991 /* XCRemoteSwiftPackageReference "Swinject" */ = {
			isa = XCRemoteSwiftPackageReference;
			repositoryURL = "https://github.com/Swinject/Swinject.git";
			requirement = {
				kind = upToNextMinorVersion;
				minimumVersion = 2.8.0;
			};
		};
		9F5B4AED29F1840E00878991 /* XCRemoteSwiftPackageReference "SnapKit" */ = {
			isa = XCRemoteSwiftPackageReference;
			repositoryURL = "https://github.com/SnapKit/SnapKit.git";
			requirement = {
				kind = upToNextMajorVersion;
				minimumVersion = 5.0.1;
			};
		};
		9F7F652C29ECFE5500E5F5A1 /* XCRemoteSwiftPackageReference "DifferenceKit" */ = {
			isa = XCRemoteSwiftPackageReference;
			repositoryURL = "https://github.com/ra1028/DifferenceKit.git";
			requirement = {
				kind = exactVersion;
				version = 1.3.0;
			};
		};
		9FA4C2B32A118D5400B11A20 /* XCRemoteSwiftPackageReference "PromiseKit" */ = {
			isa = XCRemoteSwiftPackageReference;
			repositoryURL = "https://github.com/mxcl/PromiseKit";
			requirement = {
				kind = exactVersion;
				version = 6.8.0;
			};
		};
/* End XCRemoteSwiftPackageReference section */

/* Begin XCSwiftPackageProductDependency section */
		9F55C4912A09BAFA00C11690 /* CVAPIClient */ = {
			isa = XCSwiftPackageProductDependency;
			productName = CVAPIClient;
		};
		9F5B4AEB29F1838100878991 /* Swinject */ = {
			isa = XCSwiftPackageProductDependency;
			package = 9F5B4AEA29F1838100878991 /* XCRemoteSwiftPackageReference "Swinject" */;
			productName = Swinject;
		};
		9F5B4AEE29F1840E00878991 /* SnapKit */ = {
			isa = XCSwiftPackageProductDependency;
			package = 9F5B4AED29F1840E00878991 /* XCRemoteSwiftPackageReference "SnapKit" */;
			productName = SnapKit;
		};
		9F7F652D29ECFE5500E5F5A1 /* DifferenceKit */ = {
			isa = XCSwiftPackageProductDependency;
			package = 9F7F652C29ECFE5500E5F5A1 /* XCRemoteSwiftPackageReference "DifferenceKit" */;
			productName = DifferenceKit;
		};
		9FA4C2B42A118D5400B11A20 /* PromiseKit */ = {
			isa = XCSwiftPackageProductDependency;
			package = 9FA4C2B32A118D5400B11A20 /* XCRemoteSwiftPackageReference "PromiseKit" */;
			productName = PromiseKit;
		};
/* End XCSwiftPackageProductDependency section */

/* Begin XCVersionGroup section */
		9FA4C2BF2A1518D200B11A20 /* Channel_Viewer.xcdatamodeld */ = {
			isa = XCVersionGroup;
			children = (
				9FA4C2C02A1518D200B11A20 /* Channel_Viewer.xcdatamodel */,
			);
			currentVersion = 9FA4C2C02A1518D200B11A20 /* Channel_Viewer.xcdatamodel */;
			path = Channel_Viewer.xcdatamodeld;
			sourceTree = "<group>";
			versionGroupType = wrapper.xcdatamodel;
		};
/* End XCVersionGroup section */
	};
	rootObject = 9F7F64E829ECF2DE00E5F5A1 /* Project object */;
}
